
Microsoft Visual Studio Solution File, Format Version 12.00
# Visual Studio Version 17
VisualStudioVersion = 17.3.32825.248
MinimumVisualStudioVersion = 10.0.40219.1
Project("{FAE04EC0-301F-11D3-BF4B-00C04F79EFBC}") = "ODataSample", "ODataSample\ODataSample.csproj", "{CE3170E0-19C2-472B-B2CA-15E42EC3FBF2}"
EndProject
Global
	GlobalSection(SolutionConfigurationPlatforms) = preSolution
		Debug|Any CPU = Debug|Any CPU
		Release|Any CPU = Release|Any CPU
	EndGlobalSection
	GlobalSection(ProjectConfigurationPlatforms) = postSolution
		{CE3170E0-19C2-472B-B2CA-15E42EC3FBF2}.Debug|Any CPU.ActiveCfg = Debug|Any CPU
		{CE3170E0-19C2-472B-B2CA-15E42EC3FBF2}.Debug|Any CPU.Build.0 = Debug|Any CPU
		{CE3170E0-19C2-472B-B2CA-15E42EC3FBF2}.Release|Any CPU.ActiveCfg = Release|Any CPU
		{CE3170E0-19C2-472B-B2CA-15E42EC3FBF2}.Release|Any CPU.Build.0 = Release|Any CPU
	EndGlobalSection
	GlobalSection(SolutionProperties) = preSolution
		HideSolutionNode = FALSE
	EndGlobalSection
	GlobalSection(ExtensibilityGlobals) = postSolution
		SolutionGuid = {4F532B82-0695-4D3B-B22F-9FE54658C658}
	EndGlobalSection
EndGlobal
